
Microsoft Visual Studio Solution File, Format Version 12.00
# Visual Studio Version 16
VisualStudioVersion = 16.0.32602.291
MinimumVisualStudioVersion = 10.0.40219.1
Project("{FAE04EC0-301F-11D3-BF4B-00C04F79EFBC}") = "Umbraco8.Migration", "Umbraco8.Migration\Umbraco8.Migration.csproj", "{ED7D5DE7-2BBA-43B3-ABDB-ABBA58CAA93C}"
EndProject
Project("{9A19103F-16F7-4668-BE54-9A1E7A4F7556}") = "Umbraco.Migration.Contract", "Umbraco.Migration.Contract\Umbraco.Migration.Contract.csproj", "{45E2AEE7-768F-41EB-8FFE-9A98FC5B5637}"
EndProject
Project("{FAE04EC0-301F-11D3-BF4B-00C04F79EFBC}") = "Umbraco7.Migration", "Umbraco7.Migration\Umbraco7.Migration.csproj", "{ACC74CA1-577C-4337-9DD3-2FD466552205}"
EndProject
Global
	GlobalSection(SolutionConfigurationPlatforms) = preSolution
		Debug|Any CPU = Debug|Any CPU
		Release|Any CPU = Release|Any CPU
	EndGlobalSection
	GlobalSection(ProjectConfigurationPlatforms) = postSolution
		{ED7D5DE7-2BBA-43B3-ABDB-ABBA58CAA93C}.Debug|Any CPU.ActiveCfg = Debug|Any CPU
		{ED7D5DE7-2BBA-43B3-ABDB-ABBA58CAA93C}.Debug|Any CPU.Build.0 = Debug|Any CPU
		{ED7D5DE7-2BBA-43B3-ABDB-ABBA58CAA93C}.Release|Any CPU.ActiveCfg = Release|Any CPU
		{ED7D5DE7-2BBA-43B3-ABDB-ABBA58CAA93C}.Release|Any CPU.Build.0 = Release|Any CPU
		{45E2AEE7-768F-41EB-8FFE-9A98FC5B5637}.Debug|Any CPU.ActiveCfg = Debug|Any CPU
		{45E2AEE7-768F-41EB-8FFE-9A98FC5B5637}.Debug|Any CPU.Build.0 = Debug|Any CPU
		{45E2AEE7-768F-41EB-8FFE-9A98FC5B5637}.Release|Any CPU.ActiveCfg = Release|Any CPU
		{45E2AEE7-768F-41EB-8FFE-9A98FC5B5637}.Release|Any CPU.Build.0 = Release|Any CPU
		{ACC74CA1-577C-4337-9DD3-2FD466552205}.Debug|Any CPU.ActiveCfg = Debug|Any CPU
		{ACC74CA1-577C-4337-9DD3-2FD466552205}.Debug|Any CPU.Build.0 = Debug|Any CPU
		{ACC74CA1-577C-4337-9DD3-2FD466552205}.Release|Any CPU.ActiveCfg = Release|Any CPU
		{ACC74CA1-577C-4337-9DD3-2FD466552205}.Release|Any CPU.Build.0 = Release|Any CPU
	EndGlobalSection
	GlobalSection(SolutionProperties) = preSolution
		HideSolutionNode = FALSE
	EndGlobalSection
	GlobalSection(ExtensibilityGlobals) = postSolution
		SolutionGuid = {CEA22289-8889-4C2C-830C-7E0418D388BD}
	EndGlobalSection
EndGlobal
